# THIS IS AN AUTOGENERATED FILE. DO NOT EDIT THIS FILE DIRECTLY.
# yarn lockfile v1


fp-ts-routing@^0.5.4:
  version "0.5.4"
  resolved "https://registry.yarnpkg.com/fp-ts-routing/-/fp-ts-routing-0.5.4.tgz#5bcffcd4701a5cc50dc7c936f7e6eda923e8e3d0"
  integrity sha512-M/gWge52Kk/8RkOblFMu4k6Ddljx9JCLOsSclurra+RJDnY4i/eUT74nEHRT0X/kzn6zsKQa5rCvUmcO7L8wuw==

fp-ts@1, fp-ts@^1.0.0:
  version "1.19.5"
  resolved "https://registry.yarnpkg.com/fp-ts/-/fp-ts-1.19.5.tgz#3da865e585dfa1fdfd51785417357ac50afc520a"
  integrity sha512-wDNqTimnzs8QqpldiId9OavWK2NptormjXnRJTQecNjzwfyp6P/8s/zG8e4h3ja3oqkKaY72UlTjQYt/1yXf9A==

io-ts@1:
  version "1.10.4"
  resolved "https://registry.yarnpkg.com/io-ts/-/io-ts-1.10.4.tgz#cd5401b138de88e4f920adbcb7026e2d1967e6e2"
  integrity sha512-b23PteSnYXSONJ6JQXRAlvJhuw8KOtkqa87W4wDtvMrud/DTJd5X+NpOOI+O/zZwVq6v0VLAaJ+1EDViKEuN9g==
  dependencies:
    fp-ts "^1.0.0"

typescript@^4.4.4:
  version "4.4.4"
  resolved "https://registry.yarnpkg.com/typescript/-/typescript-4.4.4.tgz#2cd01a1a1f160704d3101fd5a58ff0f9fcb8030c"
  integrity sha512-DqGhF5IKoBl8WNf8C1gu8q0xZSInh9j1kJJMqT3a94w1JzVaBU4EXOSMrz9yDqMT0xt3selp83fuFMQ0uzv6qA==
